
Microsoft Visual Studio Solution File, Format Version 12.00
Project("{FAE04EC0-301F-11D3-BF4B-00C04F79EFBC}") = "RoadBook.CsharpBasic.Chapter01", "RoadBook.CsharpBasic.Chapter01\RoadBook.CsharpBasic.Chapter01.csproj", "{1C94A39D-695B-4C8C-B21E-1D06B7952803}"
EndProject
Project("{FAE04EC0-301F-11D3-BF4B-00C04F79EFBC}") = "RoadBook.CsharpBasic.Chapter02", "RoadBook.CsharpBasic.Chapter02\RoadBook.CsharpBasic.Chapter02.csproj", "{DB7C58B9-9382-4657-B46B-4F39D2105571}"
EndProject
Project("{FAE04EC0-301F-11D3-BF4B-00C04F79EFBC}") = "RoadBook.CsharpBasic.Chapter03", "RoadBook.CsharpBasic.Chapter03\RoadBook.CsharpBasic.Chapter03.csproj", "{17ECCAF0-ED83-4E41-B5C7-ED55227069F6}"
EndProject
Project("{FAE04EC0-301F-11D3-BF4B-00C04F79EFBC}") = "RoadBook.CsharpBasic.Chapter04", "RoadBook.CsharpBasic.Chapter04\RoadBook.CsharpBasic.Chapter04.csproj", "{934F783B-5578-4B6D-BA53-89E69B7A435B}"
EndProject
Project("{FAE04EC0-301F-11D3-BF4B-00C04F79EFBC}") = "RoadBook.CsharpBasic.Chapter05", "RoadBook.CsharpBasic.Chapter05\RoadBook.CsharpBasic.Chapter05.csproj", "{B34B9776-87ED-4C8E-80D6-3B10691C5B63}"
EndProject
Project("{FAE04EC0-301F-11D3-BF4B-00C04F79EFBC}") = "RoadBook.CsharpBasic.Test", "RoadBook.CsharpBasic.Test\RoadBook.CsharpBasic.Test.csproj", "{5D8944C1-07A2-4CD6-BA0B-E54DBE7C6985}"
EndProject
Global
	GlobalSection(SolutionConfigurationPlatforms) = preSolution
		Debug|Any CPU = Debug|Any CPU
		Release|Any CPU = Release|Any CPU
	EndGlobalSection
	GlobalSection(ProjectConfigurationPlatforms) = postSolution
		{1C94A39D-695B-4C8C-B21E-1D06B7952803}.Debug|Any CPU.ActiveCfg = Debug|Any CPU
		{1C94A39D-695B-4C8C-B21E-1D06B7952803}.Debug|Any CPU.Build.0 = Debug|Any CPU
		{1C94A39D-695B-4C8C-B21E-1D06B7952803}.Release|Any CPU.ActiveCfg = Release|Any CPU
		{1C94A39D-695B-4C8C-B21E-1D06B7952803}.Release|Any CPU.Build.0 = Release|Any CPU
		{DB7C58B9-9382-4657-B46B-4F39D2105571}.Debug|Any CPU.ActiveCfg = Debug|Any CPU
		{DB7C58B9-9382-4657-B46B-4F39D2105571}.Debug|Any CPU.Build.0 = Debug|Any CPU
		{DB7C58B9-9382-4657-B46B-4F39D2105571}.Release|Any CPU.ActiveCfg = Release|Any CPU
		{DB7C58B9-9382-4657-B46B-4F39D2105571}.Release|Any CPU.Build.0 = Release|Any CPU
		{17ECCAF0-ED83-4E41-B5C7-ED55227069F6}.Debug|Any CPU.ActiveCfg = Debug|Any CPU
		{17ECCAF0-ED83-4E41-B5C7-ED55227069F6}.Debug|Any CPU.Build.0 = Debug|Any CPU
		{17ECCAF0-ED83-4E41-B5C7-ED55227069F6}.Release|Any CPU.ActiveCfg = Release|Any CPU
		{17ECCAF0-ED83-4E41-B5C7-ED55227069F6}.Release|Any CPU.Build.0 = Release|Any CPU
		{934F783B-5578-4B6D-BA53-89E69B7A435B}.Debug|Any CPU.ActiveCfg = Debug|Any CPU
		{934F783B-5578-4B6D-BA53-89E69B7A435B}.Debug|Any CPU.Build.0 = Debug|Any CPU
		{934F783B-5578-4B6D-BA53-89E69B7A435B}.Release|Any CPU.ActiveCfg = Release|Any CPU
		{934F783B-5578-4B6D-BA53-89E69B7A435B}.Release|Any CPU.Build.0 = Release|Any CPU
		{B34B9776-87ED-4C8E-80D6-3B10691C5B63}.Debug|Any CPU.ActiveCfg = Debug|Any CPU
		{B34B9776-87ED-4C8E-80D6-3B10691C5B63}.Debug|Any CPU.Build.0 = Debug|Any CPU
		{B34B9776-87ED-4C8E-80D6-3B10691C5B63}.Release|Any CPU.ActiveCfg = Release|Any CPU
		{B34B9776-87ED-4C8E-80D6-3B10691C5B63}.Release|Any CPU.Build.0 = Release|Any CPU
		{5D8944C1-07A2-4CD6-BA0B-E54DBE7C6985}.Debug|Any CPU.ActiveCfg = Debug|Any CPU
		{5D8944C1-07A2-4CD6-BA0B-E54DBE7C6985}.Debug|Any CPU.Build.0 = Debug|Any CPU
		{5D8944C1-07A2-4CD6-BA0B-E54DBE7C6985}.Release|Any CPU.ActiveCfg = Release|Any CPU
		{5D8944C1-07A2-4CD6-BA0B-E54DBE7C6985}.Release|Any CPU.Build.0 = Release|Any CPU
	EndGlobalSection
EndGlobal
